PODS:
  - Flutter (1.0.0)
  - flutter_assistant_intents (1.1.0):
    - Flutter

DEPENDENCIES:
  - Flutter (from `Flutter`)
  - flutter_assistant_intents (from `.symlinks/plugins/flutter_assistant_intents/ios`)

EXTERNAL SOURCES:
  Flutter:
    :path: Flutter
  flutter_assistant_intents:
    :path: ".symlinks/plugins/flutter_assistant_intents/ios"

SPEC CHECKSUMS:
  Flutter: cabc95a1d2626b1b06e7179b784ebcf0c0cde467
  flutter_assistant_intents: d45dfd1b4333db661c11785874c25bb9a483e8b8

PODFILE CHECKSUM: ccbcf804758026037ab59ea9e8d83fd1ca5ecce1

COCOAPODS: 1.16.2
